
Microsoft Visual Studio Solution File, Format Version 12.00
# Visual Studio Version 17
VisualStudioVersion = 17.8.34309.116
MinimumVisualStudioVersion = 10.0.40219.1
Project("{8BC9CEB8-8B4A-11D0-8D11-00A0C91BC942}") = "TransactionClass", "TransactionClass\TransactionClass.vcxproj", "{3E62F493-01F1-49C4-8798-AC3F962BAF6C}"
EndProject
Global
	GlobalSection(SolutionConfigurationPlatforms) = preSolution
		Debug|x64 = Debug|x64
		Debug|x86 = Debug|x86
		Release|x64 = Release|x64
		Release|x86 = Release|x86
	EndGlobalSection
	GlobalSection(ProjectConfigurationPlatforms) = postSolution
		{3E62F493-01F1-49C4-8798-AC3F962BAF6C}.Debug|x64.ActiveCfg = Debug|x64
		{3E62F493-01F1-49C4-8798-AC3F962BAF6C}.Debug|x64.Build.0 = Debug|x64
		{3E62F493-01F1-49C4-8798-AC3F962BAF6C}.Debug|x86.ActiveCfg = Debug|Win32
		{3E62F493-01F1-49C4-8798-AC3F962BAF6C}.Debug|x86.Build.0 = Debug|Win32
		{3E62F493-01F1-49C4-8798-AC3F962BAF6C}.Release|x64.ActiveCfg = Release|x64
		{3E62F493-01F1-49C4-8798-AC3F962BAF6C}.Release|x64.Build.0 = Release|x64
		{3E62F493-01F1-49C4-8798-AC3F962BAF6C}.Release|x86.ActiveCfg = Release|Win32
		{3E62F493-01F1-49C4-8798-AC3F962BAF6C}.Release|x86.Build.0 = Release|Win32
	EndGlobalSection
	GlobalSection(SolutionProperties) = preSolution
		HideSolutionNode = FALSE
	EndGlobalSection
	GlobalSection(ExtensibilityGlobals) = postSolution
		SolutionGuid = {B125A8E1-82AC-491B-B5FD-DCEE966B6553}
	EndGlobalSection
EndGlobal
